
Microsoft Visual Studio Solution File, Format Version 12.00
# Visual Studio Version 17
VisualStudioVersion = 17.1.32328.378
MinimumVisualStudioVersion = 10.0.40219.1
Project("{9A19103F-16F7-4668-BE54-9A1E7A4F7556}") = "PastelariaDoZe.WindowsApp", "PastelariaDoZe.WindowsApp\PastelariaDoZe.WindowsApp.csproj", "{D467EAD3-DF04-4AEE-872F-53B9E73A33C7}"
EndProject
Project("{2150E333-8FDC-42A3-9474-1A3956D46DE8}") = "1. scr", "1. scr", "{C5967A57-0F7B-42DA-929E-D7F53AA8E87F}"
EndProject
Project("{2150E333-8FDC-42A3-9474-1A3956D46DE8}") = "1.1 Apresentação", "1.1 Apresentação", "{8701E737-C421-4FB1-B643-EC8AB6DF79D9}"
EndProject
Project("{2150E333-8FDC-42A3-9474-1A3956D46DE8}") = "1.2 Aplicação", "1.2 Aplicação", "{188DB5A0-6AE5-40BA-9E0A-06CE54E426B0}"
EndProject
Project("{9A19103F-16F7-4668-BE54-9A1E7A4F7556}") = "PastelariaDoZe.Aplicacao", "PastelariaDoZe.Aplicacao\PastelariaDoZe.Aplicacao.csproj", "{60A3A829-B77E-4152-8462-36F650580E16}"
EndProject
Project("{2150E333-8FDC-42A3-9474-1A3956D46DE8}") = "1.3 Dominio", "1.3 Dominio", "{B79390CA-6BA0-4145-9CFE-C19DD50AC8D3}"
EndProject
Project("{9A19103F-16F7-4668-BE54-9A1E7A4F7556}") = "PastelariaDoZe.Dominio", "PastelariaDoZe.Dominio\PastelariaDoZe.Dominio.csproj", "{10CBC07B-F2E0-4341-9AB2-954583E3B59B}"
EndProject
Project("{2150E333-8FDC-42A3-9474-1A3956D46DE8}") = "1.4 Infra", "1.4 Infra", "{1911B2FA-D6DB-49CE-93B9-AD8A11A26F6F}"
EndProject
Project("{2150E333-8FDC-42A3-9474-1A3956D46DE8}") = "4.1 DAO", "4.1 DAO", "{9E536790-D4D2-421A-8E09-8B42C15DDA5E}"
EndProject
Project("{2150E333-8FDC-42A3-9474-1A3956D46DE8}") = "4.2 External Services", "4.2 External Services", "{DD46D5C6-5B11-467F-B254-C81C2A78038C}"
EndProject
Project("{2150E333-8FDC-42A3-9474-1A3956D46DE8}") = "4.3 PDF", "4.3 PDF", "{80BA22A6-691A-4E9D-A6E3-9B02C6263A29}"
EndProject
Project("{2150E333-8FDC-42A3-9474-1A3956D46DE8}") = "4.4 Extension Methods", "4.4 Extension Methods", "{6D21C73D-A08E-4EB9-B9F0-7E4F858E8399}"
EndProject
Project("{2150E333-8FDC-42A3-9474-1A3956D46DE8}") = "4.5 Config Methods", "4.5 Config Methods", "{D5F762AB-5F70-438D-BA86-8271CF755A7B}"
EndProject
Project("{2150E333-8FDC-42A3-9474-1A3956D46DE8}") = "4.6 Logger", "4.6 Logger", "{FE496288-AFD4-4E06-813B-E1EDFAB47E0B}"
EndProject
Project("{2150E333-8FDC-42A3-9474-1A3956D46DE8}") = "1.5 Banco de Dados", "1.5 Banco de Dados", "{E8432AF7-E30D-4161-9D2C-5C9CBC0242C1}"
EndProject
Project("{9A19103F-16F7-4668-BE54-9A1E7A4F7556}") = "PastelariaDoZe.Infra.ORM", "PastelariaDoZe.Infra.ORM\PastelariaDoZe.Infra.ORM.csproj", "{84D202D2-A4A0-43F4-A56F-9F3596BFB1FD}"
EndProject
Project("{9A19103F-16F7-4668-BE54-9A1E7A4F7556}") = "PastelariaDoZe.Infra.ExtensionMethods", "PastelariaDoZe.Infra.ExtensionMethods\PastelariaDoZe.Infra.ExtensionMethods.csproj", "{C1197921-D2BF-478E-BA37-36C1D9CF2784}"
EndProject
Project("{9A19103F-16F7-4668-BE54-9A1E7A4F7556}") = "PastelariaDoZe.Infra.Logger", "PastelariaDoZe.Infra.Logger\PastelariaDoZe.Infra.Logger.csproj", "{2303BC12-C530-453F-A0D4-CB459D6E96E9}"
EndProject
Project("{00D1A9C2-B5F0-4AF3-8072-F6C62B433612}") = "PastelariaDoZe.Database.SQLServer", "PastelariaDoZe.Database.SQLServer\PastelariaDoZe.Database.SQLServer.sqlproj", "{3A8CEFF7-47F6-49D1-A048-50E733771809}"
EndProject
Global
	GlobalSection(SolutionConfigurationPlatforms) = preSolution
		Debug|Any CPU = Debug|Any CPU
		Release|Any CPU = Release|Any CPU
	EndGlobalSection
	GlobalSection(ProjectConfigurationPlatforms) = postSolution
		{D467EAD3-DF04-4AEE-872F-53B9E73A33C7}.Debug|Any CPU.ActiveCfg = Debug|Any CPU
		{D467EAD3-DF04-4AEE-872F-53B9E73A33C7}.Debug|Any CPU.Build.0 = Debug|Any CPU
		{D467EAD3-DF04-4AEE-872F-53B9E73A33C7}.Release|Any CPU.ActiveCfg = Release|Any CPU
		{D467EAD3-DF04-4AEE-872F-53B9E73A33C7}.Release|Any CPU.Build.0 = Release|Any CPU
		{60A3A829-B77E-4152-8462-36F650580E16}.Debug|Any CPU.ActiveCfg = Debug|Any CPU
		{60A3A829-B77E-4152-8462-36F650580E16}.Debug|Any CPU.Build.0 = Debug|Any CPU
		{60A3A829-B77E-4152-8462-36F650580E16}.Release|Any CPU.ActiveCfg = Release|Any CPU
		{60A3A829-B77E-4152-8462-36F650580E16}.Release|Any CPU.Build.0 = Release|Any CPU
		{10CBC07B-F2E0-4341-9AB2-954583E3B59B}.Debug|Any CPU.ActiveCfg = Debug|Any CPU
		{10CBC07B-F2E0-4341-9AB2-954583E3B59B}.Debug|Any CPU.Build.0 = Debug|Any CPU
		{10CBC07B-F2E0-4341-9AB2-954583E3B59B}.Release|Any CPU.ActiveCfg = Release|Any CPU
		{10CBC07B-F2E0-4341-9AB2-954583E3B59B}.Release|Any CPU.Build.0 = Release|Any CPU
		{84D202D2-A4A0-43F4-A56F-9F3596BFB1FD}.Debug|Any CPU.ActiveCfg = Debug|Any CPU
		{84D202D2-A4A0-43F4-A56F-9F3596BFB1FD}.Debug|Any CPU.Build.0 = Debug|Any CPU
		{84D202D2-A4A0-43F4-A56F-9F3596BFB1FD}.Release|Any CPU.ActiveCfg = Release|Any CPU
		{84D202D2-A4A0-43F4-A56F-9F3596BFB1FD}.Release|Any CPU.Build.0 = Release|Any CPU
		{C1197921-D2BF-478E-BA37-36C1D9CF2784}.Debug|Any CPU.ActiveCfg = Debug|Any CPU
		{C1197921-D2BF-478E-BA37-36C1D9CF2784}.Debug|Any CPU.Build.0 = Debug|Any CPU
		{C1197921-D2BF-478E-BA37-36C1D9CF2784}.Release|Any CPU.ActiveCfg = Release|Any CPU
		{C1197921-D2BF-478E-BA37-36C1D9CF2784}.Release|Any CPU.Build.0 = Release|Any CPU
		{2303BC12-C530-453F-A0D4-CB459D6E96E9}.Debug|Any CPU.ActiveCfg = Debug|Any CPU
		{2303BC12-C530-453F-A0D4-CB459D6E96E9}.Debug|Any CPU.Build.0 = Debug|Any CPU
		{2303BC12-C530-453F-A0D4-CB459D6E96E9}.Release|Any CPU.ActiveCfg = Release|Any CPU
		{2303BC12-C530-453F-A0D4-CB459D6E96E9}.Release|Any CPU.Build.0 = Release|Any CPU
		{3A8CEFF7-47F6-49D1-A048-50E733771809}.Debug|Any CPU.ActiveCfg = Debug|Any CPU
		{3A8CEFF7-47F6-49D1-A048-50E733771809}.Debug|Any CPU.Build.0 = Debug|Any CPU
		{3A8CEFF7-47F6-49D1-A048-50E733771809}.Debug|Any CPU.Deploy.0 = Debug|Any CPU
		{3A8CEFF7-47F6-49D1-A048-50E733771809}.Release|Any CPU.ActiveCfg = Release|Any CPU
		{3A8CEFF7-47F6-49D1-A048-50E733771809}.Release|Any CPU.Build.0 = Release|Any CPU
		{3A8CEFF7-47F6-49D1-A048-50E733771809}.Release|Any CPU.Deploy.0 = Release|Any CPU
	EndGlobalSection
	GlobalSection(SolutionProperties) = preSolution
		HideSolutionNode = FALSE
	EndGlobalSection
	GlobalSection(NestedProjects) = preSolution
		{D467EAD3-DF04-4AEE-872F-53B9E73A33C7} = {8701E737-C421-4FB1-B643-EC8AB6DF79D9}
		{8701E737-C421-4FB1-B643-EC8AB6DF79D9} = {C5967A57-0F7B-42DA-929E-D7F53AA8E87F}
		{188DB5A0-6AE5-40BA-9E0A-06CE54E426B0} = {C5967A57-0F7B-42DA-929E-D7F53AA8E87F}
		{60A3A829-B77E-4152-8462-36F650580E16} = {188DB5A0-6AE5-40BA-9E0A-06CE54E426B0}
		{B79390CA-6BA0-4145-9CFE-C19DD50AC8D3} = {C5967A57-0F7B-42DA-929E-D7F53AA8E87F}
		{10CBC07B-F2E0-4341-9AB2-954583E3B59B} = {B79390CA-6BA0-4145-9CFE-C19DD50AC8D3}
		{1911B2FA-D6DB-49CE-93B9-AD8A11A26F6F} = {C5967A57-0F7B-42DA-929E-D7F53AA8E87F}
		{9E536790-D4D2-421A-8E09-8B42C15DDA5E} = {1911B2FA-D6DB-49CE-93B9-AD8A11A26F6F}
		{DD46D5C6-5B11-467F-B254-C81C2A78038C} = {1911B2FA-D6DB-49CE-93B9-AD8A11A26F6F}
		{80BA22A6-691A-4E9D-A6E3-9B02C6263A29} = {1911B2FA-D6DB-49CE-93B9-AD8A11A26F6F}
		{6D21C73D-A08E-4EB9-B9F0-7E4F858E8399} = {1911B2FA-D6DB-49CE-93B9-AD8A11A26F6F}
		{D5F762AB-5F70-438D-BA86-8271CF755A7B} = {1911B2FA-D6DB-49CE-93B9-AD8A11A26F6F}
		{FE496288-AFD4-4E06-813B-E1EDFAB47E0B} = {1911B2FA-D6DB-49CE-93B9-AD8A11A26F6F}
		{E8432AF7-E30D-4161-9D2C-5C9CBC0242C1} = {C5967A57-0F7B-42DA-929E-D7F53AA8E87F}
		{84D202D2-A4A0-43F4-A56F-9F3596BFB1FD} = {9E536790-D4D2-421A-8E09-8B42C15DDA5E}
		{C1197921-D2BF-478E-BA37-36C1D9CF2784} = {6D21C73D-A08E-4EB9-B9F0-7E4F858E8399}
		{2303BC12-C530-453F-A0D4-CB459D6E96E9} = {FE496288-AFD4-4E06-813B-E1EDFAB47E0B}
		{3A8CEFF7-47F6-49D1-A048-50E733771809} = {E8432AF7-E30D-4161-9D2C-5C9CBC0242C1}
	EndGlobalSection
	GlobalSection(ExtensibilityGlobals) = postSolution
		SolutionGuid = {54336E5E-09D3-4D0F-B737-0963097E8B92}
	EndGlobalSection
EndGlobal
